
Microsoft Visual Studio Solution File, Format Version 12.00
# Visual Studio Version 17
VisualStudioVersion = 17.4.33103.184
MinimumVisualStudioVersion = 10.0.40219.1
Project("{FAE04EC0-301F-11D3-BF4B-00C04F79EFBC}") = "ZKI7", "ZKI7\ZKI7.csproj", "{541393FB-8E6B-49C5-86DB-20EFAC951A77}"
EndProject
Global
	GlobalSection(SolutionConfigurationPlatforms) = preSolution
		Debug|Any CPU = Debug|Any CPU
		Release|Any CPU = Release|Any CPU
	EndGlobalSection
	GlobalSection(ProjectConfigurationPlatforms) = postSolution
		{541393FB-8E6B-49C5-86DB-20EFAC951A77}.Debug|Any CPU.ActiveCfg = Debug|Any CPU
		{541393FB-8E6B-49C5-86DB-20EFAC951A77}.Debug|Any CPU.Build.0 = Debug|Any CPU
		{541393FB-8E6B-49C5-86DB-20EFAC951A77}.Release|Any CPU.ActiveCfg = Release|Any CPU
		{541393FB-8E6B-49C5-86DB-20EFAC951A77}.Release|Any CPU.Build.0 = Release|Any CPU
	EndGlobalSection
	GlobalSection(SolutionProperties) = preSolution
		HideSolutionNode = FALSE
	EndGlobalSection
	GlobalSection(ExtensibilityGlobals) = postSolution
		SolutionGuid = {A8BB45D6-699F-4EED-8011-45D28849A9EB}
	EndGlobalSection
EndGlobal
